
Microsoft Visual Studio Solution File, Format Version 12.00
# Visual Studio 2013
VisualStudioVersion = 12.0.21005.1
MinimumVisualStudioVersion = 10.0.40219.1
Project("{F184B08F-C81C-45F6-A57F-5ABD9991F28F}") = "RapidInventoryWebApp", "RapidInventroyWebApp\RapidInventoryWebApp.vbproj", "{7BFC7945-C9BD-4288-8F47-31871B3F3DFE}"
EndProject
Global
	GlobalSection(SolutionConfigurationPlatforms) = preSolution
		Debug|Any CPU = Debug|Any CPU
		Release|Any CPU = Release|Any CPU
	EndGlobalSection
	GlobalSection(ProjectConfigurationPlatforms) = postSolution
		{7BFC7945-C9BD-4288-8F47-31871B3F3DFE}.Debug|Any CPU.ActiveCfg = Debug|Any CPU
		{7BFC7945-C9BD-4288-8F47-31871B3F3DFE}.Debug|Any CPU.Build.0 = Debug|Any CPU
		{7BFC7945-C9BD-4288-8F47-31871B3F3DFE}.Release|Any CPU.ActiveCfg = Release|Any CPU
		{7BFC7945-C9BD-4288-8F47-31871B3F3DFE}.Release|Any CPU.Build.0 = Release|Any CPU
	EndGlobalSection
	GlobalSection(SolutionProperties) = preSolution
		HideSolutionNode = FALSE
	EndGlobalSection
EndGlobal
